// !$*UTF8*$!
{
	archiveVersion = 1;
	classes = {
	};
	objectVersion = 56;
	objects = {

/* Begin PBXBuildFile section */
		58BF66372BCBEE4E00C0FEDA /* FloatingTextFieldApp.swift in Sources */ = {isa = PBXBuildFile; fileRef = 58BF66362BCBEE4E00C0FEDA /* FloatingTextFieldApp.swift */; };
		58BF66392BCBEE4E00C0FEDA /* ContentView.swift in Sources */ = {isa = PBXBuildFile; fileRef = 58BF66382BCBEE4E00C0FEDA /* ContentView.swift */; };
		58BF663B2BCBEE4F00C0FEDA /* Assets.xcassets in Resources */ = {isa = PBXBuildFile; fileRef = 58BF663A2BCBEE4F00C0FEDA /* Assets.xcassets */; };
		58BF663E2BCBEE4F00C0FEDA /* Preview Assets.xcassets in Resources */ = {isa = PBXBuildFile; fileRef = 58BF663D2BCBEE4F00C0FEDA /* Preview Assets.xcassets */; };
		58BF66452BCBEE7500C0FEDA /* FloatingTextField.swift in Sources */ = {isa = PBXBuildFile; fileRef = 58BF66442BCBEE7500C0FEDA /* FloatingTextField.swift */; };
		58EB8DCF2BD990140052748D /* View+Ext.swift in Sources */ = {isa = PBXBuildFile; fileRef = 58EB8DCE2BD990140052748D /* View+Ext.swift */; };
		58EB8DD12BD990580052748D /* FloatingNumericTextField.swift in Sources */ = {isa = PBXBuildFile; fileRef = 58EB8DD02BD990580052748D /* FloatingNumericTextField.swift */; };
/* End PBXBuildFile section */

/* Begin PBXFileReference section */
		58BF66332BCBEE4E00C0FEDA /* FloatingTextField.app */ = {isa = PBXFileReference; explicitFileType = wrapper.application; includeInIndex = 0; path = FloatingTextField.app; sourceTree = BUILT_PRODUCTS_DIR; };
		58BF66362BCBEE4E00C0FEDA /* FloatingTextFieldApp.swift */ = {isa = PBXFileReference; lastKnownFileType = sourcecode.swift; path = FloatingTextFieldApp.swift; sourceTree = "<group>"; };
		58BF66382BCBEE4E00C0FEDA /* ContentView.swift */ = {isa = PBXFileReference; lastKnownFileType = sourcecode.swift; path = ContentView.swift; sourceTree = "<group>"; };
		58BF663A2BCBEE4F00C0FEDA /* Assets.xcassets */ = {isa = PBXFileReference; lastKnownFileType = folder.assetcatalog; path = Assets.xcassets; sourceTree = "<group>"; };
		58BF663D2BCBEE4F00C0FEDA /* Preview Assets.xcassets */ = {isa = PBXFileReference; lastKnownFileType = folder.assetcatalog; path = "Preview Assets.xcassets"; sourceTree = "<group>"; };
		58BF66442BCBEE7500C0FEDA /* FloatingTextField.swift */ = {isa = PBXFileReference; lastKnownFileType = sourcecode.swift; path = FloatingTextField.swift; sourceTree = "<group>"; };
		58EB8DCE2BD990140052748D /* View+Ext.swift */ = {isa = PBXFileReference; lastKnownFileType = sourcecode.swift; path = "View+Ext.swift"; sourceTree = "<group>"; };
		58EB8DD02BD990580052748D /* FloatingNumericTextField.swift */ = {isa = PBXFileReference; lastKnownFileType = sourcecode.swift; path = FloatingNumericTextField.swift; sourceTree = "<group>"; };
/* End PBXFileReference section */

/* Begin PBXFrameworksBuildPhase section */
		58BF66302BCBEE4E00C0FEDA /* Frameworks */ = {
			isa = PBXFrameworksBuildPhase;
			buildActionMask = 2147483647;
			files = (
			);
			runOnlyForDeploymentPostprocessing = 0;
		};
/* End PBXFrameworksBuildPhase section */

/* Begin PBXGroup section */
		58BF662A2BCBEE4E00C0FEDA = {
			isa = PBXGroup;
			children = (
				58BF66352BCBEE4E00C0FEDA /* FloatingTextField */,
				58BF66342BCBEE4E00C0FEDA /* Products */,
			);
			sourceTree = "<group>";
		};
		58BF66342BCBEE4E00C0FEDA /* Products */ = {
			isa = PBXGroup;
			children = (
				58BF66332BCBEE4E00C0FEDA /* FloatingTextField.app */,
			);
			name = Products;
			sourceTree = "<group>";
		};
		58BF66352BCBEE4E00C0FEDA /* FloatingTextField */ = {
			isa = PBXGroup;
			children = (
				58BF66362BCBEE4E00C0FEDA /* FloatingTextFieldApp.swift */,
				58BF66442BCBEE7500C0FEDA /* FloatingTextField.swift */,
				58EB8DD02BD990580052748D /* FloatingNumericTextField.swift */,
				58BF66382BCBEE4E00C0FEDA /* ContentView.swift */,
				58EB8DCE2BD990140052748D /* View+Ext.swift */,
				58BF663A2BCBEE4F00C0FEDA /* Assets.xcassets */,
				58BF663C2BCBEE4F00C0FEDA /* Preview Content */,
			);
			path = FloatingTextField;
			sourceTree = "<group>";
		};
		58BF663C2BCBEE4F00C0FEDA /* Preview Content */ = {
			isa = PBXGroup;
			children = (
				58BF663D2BCBEE4F00C0FEDA /* Preview Assets.xcassets */,
			);
			path = "Preview Content";
			sourceTree = "<group>";
		};
/* End PBXGroup section */

/* Begin PBXNativeTarget section */
		58BF66322BCBEE4E00C0FEDA /* FloatingTextField */ = {
			isa = PBXNativeTarget;
			buildConfigurationList = 58BF66412BCBEE4F00C0FEDA /* Build configuration list for PBXNativeTarget "FloatingTextField" */;
			buildPhases = (
				58BF662F2BCBEE4E00C0FEDA /* Sources */,
				58BF66302BCBEE4E00C0FEDA /* Frameworks */,
				58BF66312BCBEE4E00C0FEDA /* Resources */,
			);
			buildRules = (
			);
			dependencies = (
			);
			name = FloatingTextField;
			productName = FloatingTextField;
			productReference = 58BF66332BCBEE4E00C0FEDA /* FloatingTextField.app */;
			productType = "com.apple.product-type.application";
		};
/* End PBXNativeTarget section */

/* Begin PBXProject section */
		58BF662B2BCBEE4E00C0FEDA /* Project object */ = {
			isa = PBXProject;
			attributes = {
				BuildIndependentTargetsInParallel = 1;
				LastSwiftUpdateCheck = 1530;
				LastUpgradeCheck = 1530;
				TargetAttributes = {
					58BF66322BCBEE4E00C0FEDA = {
						CreatedOnToolsVersion = 15.3;
					};
				};
			};
			buildConfigurationList = 58BF662E2BCBEE4E00C0FEDA /* Build configuration list for PBXProject "FloatingTextField" */;
			compatibilityVersion = "Xcode 14.0";
			developmentRegion = en;
			hasScannedForEncodings = 0;
			knownRegions = (
				en,
				Base,
			);
			mainGroup = 58BF662A2BCBEE4E00C0FEDA;
			productRefGroup = 58BF66342BCBEE4E00C0FEDA /* Products */;
			projectDirPath = "";
			projectRoot = "";
			targets = (
				58BF66322BCBEE4E00C0FEDA /* FloatingTextField */,
			);
		};
/* End PBXProject section */

/* Begin PBXResourcesBuildPhase section */
		58BF66312BCBEE4E00C0FEDA /* Resources */ = {
			isa = PBXResourcesBuildPhase;
			buildActionMask = 2147483647;
			files = (
				58BF663E2BCBEE4F00C0FEDA /* Preview Assets.xcassets in Resources */,
				58BF663B2BCBEE4F00C0FEDA /* Assets.xcassets in Resources */,
			);
			runOnlyForDeploymentPostprocessing = 0;
		};
/* End PBXResourcesBuildPhase section */

/* Begin PBXSourcesBuildPhase section */
		58BF662F2BCBEE4E00C0FEDA /* Sources */ = {
			isa = PBXSourcesBuildPhase;
			buildActionMask = 2147483647;
			files = (
				58EB8DCF2BD990140052748D /* View+Ext.swift in Sources */,
				58EB8DD12BD990580052748D /* FloatingNumericTextField.swift in Sources */,
				58BF66392BCBEE4E00C0FEDA /* ContentView.swift in Sources */,
				58BF66452BCBEE7500C0FEDA /* FloatingTextField.swift in Sources */,
				58BF66372BCBEE4E00C0FEDA /* FloatingTextFieldApp.swift in Sources */,
			);
			runOnlyForDeploymentPostprocessing = 0;
		};
/* End PBXSourcesBuildPhase section */

/* Begin XCBuildConfiguration section */
		58BF663F2BCBEE4F00C0FEDA /* Debug */ = {
			isa = XCBuildConfiguration;
			buildSettings = {
				ALWAYS_SEARCH_USER_PATHS = NO;
				ASSETCATALOG_COMPILER_GENERATE_SWIFT_ASSET_SYMBOL_EXTENSIONS = YES;
				CLANG_ANALYZER_NONNULL = YES;
				CLANG_ANALYZER_NUMBER_OBJECT_CONVERSION = YES_AGGRESSIVE;
				CLANG_CXX_LANGUAGE_STANDARD = "gnu++20";
				CLANG_ENABLE_MODULES = YES;
				CLANG_ENABLE_OBJC_ARC = YES;
				CLANG_ENABLE_OBJC_WEAK = YES;
				CLANG_WARN_BLOCK_CAPTURE_AUTORELEASING = YES;
				CLANG_WARN_BOOL_CONVERSION = YES;
				CLANG_WARN_COMMA = YES;
				CLANG_WARN_CONSTANT_CONVERSION = YES;
				CLANG_WARN_DEPRECATED_OBJC_IMPLEMENTATIONS = YES;
				CLANG_WARN_DIRECT_OBJC_ISA_USAGE = YES_ERROR;
				CLANG_WARN_DOCUMENTATION_COMMENTS = YES;
				CLANG_WARN_EMPTY_BODY = YES;
				CLANG_WARN_ENUM_CONVERSION = YES;
				CLANG_WARN_INFINITE_RECURSION = YES;
				CLANG_WARN_INT_CONVERSION = YES;
				CLANG_WARN_NON_LITERAL_NULL_CONVERSION = YES;
				CLANG_WARN_OBJC_IMPLICIT_RETAIN_SELF = YES;
				CLANG_WARN_OBJC_LITERAL_CONVERSION = YES;
				CLANG_WARN_OBJC_ROOT_CLASS = YES_ERROR;
				CLANG_WARN_QUOTED_INCLUDE_IN_FRAMEWORK_HEADER = YES;
				CLANG_WARN_RANGE_LOOP_ANALYSIS = YES;
				CLANG_WARN_STRICT_PROTOTYPES = YES;
				CLANG_WARN_SUSPICIOUS_MOVE = YES;
				CLANG_WARN_UNGUARDED_AVAILABILITY = YES_AGGRESSIVE;
				CLANG_WARN_UNREACHABLE_CODE = YES;
				CLANG_WARN__DUPLICATE_METHOD_MATCH = YES;
				COPY_PHASE_STRIP = NO;
				DEBUG_INFORMATION_FORMAT = dwarf;
				ENABLE_STRICT_OBJC_MSGSEND = YES;
				ENABLE_TESTABILITY = YES;
				ENABLE_USER_SCRIPT_SANDBOXING = YES;
				GCC_C_LANGUAGE_STANDARD = gnu17;
				GCC_DYNAMIC_NO_PIC = NO;
				GCC_NO_COMMON_BLOCKS = YES;
				GCC_OPTIMIZATION_LEVEL = 0;
				GCC_PREPROCESSOR_DEFINITIONS = (
					"DEBUG=1",
					"$(inherited)",
				);
				GCC_WARN_64_TO_32_BIT_CONVERSION = YES;
				GCC_WARN_ABOUT_RETURN_TYPE = YES_ERROR;
				GCC_WARN_UNDECLARED_SELECTOR = YES;
				GCC_WARN_UNINITIALIZED_AUTOS = YES_AGGRESSIVE;
				GCC_WARN_UNUSED_FUNCTION = YES;
				GCC_WARN_UNUSED_VARIABLE = YES;
				IPHONEOS_DEPLOYMENT_TARGET = 17.4;
				LOCALIZATION_PREFERS_STRING_CATALOGS = YES;
				MTL_ENABLE_DEBUG_INFO = INCLUDE_SOURCE;
				MTL_FAST_MATH = YES;
				ONLY_ACTIVE_ARCH = YES;
				SDKROOT = iphoneos;
				SWIFT_ACTIVE_COMPILATION_CONDITIONS = "DEBUG $(inherited)";
				SWIFT_OPTIMIZATION_LEVEL = "-Onone";
			};
			name = Debug;
		};
		58BF66402BCBEE4F00C0FEDA /* Release */ = {
			isa = XCBuildConfiguration;
			buildSettings = {
				ALWAYS_SEARCH_USER_PATHS = NO;
				ASSETCATALOG_COMPILER_GENERATE_SWIFT_ASSET_SYMBOL_EXTENSIONS = YES;
				CLANG_ANALYZER_NONNULL = YES;
				CLANG_ANALYZER_NUMBER_OBJECT_CONVERSION = YES_AGGRESSIVE;
				CLANG_CXX_LANGUAGE_STANDARD = "gnu++20";
				CLANG_ENABLE_MODULES = YES;
				CLANG_ENABLE_OBJC_ARC = YES;
				CLANG_ENABLE_OBJC_WEAK = YES;
				CLANG_WARN_BLOCK_CAPTURE_AUTORELEASING = YES;
				CLANG_WARN_BOOL_CONVERSION = YES;
				CLANG_WARN_COMMA = YES;
				CLANG_WARN_CONSTANT_CONVERSION = YES;
				CLANG_WARN_DEPRECATED_OBJC_IMPLEMENTATIONS = YES;
				CLANG_WARN_DIRECT_OBJC_ISA_USAGE = YES_ERROR;
				CLANG_WARN_DOCUMENTATION_COMMENTS = YES;
				CLANG_WARN_EMPTY_BODY = YES;
				CLANG_WARN_ENUM_CONVERSION = YES;
				CLANG_WARN_INFINITE_RECURSION = YES;
				CLANG_WARN_INT_CONVERSION = YES;
				CLANG_WARN_NON_LITERAL_NULL_CONVERSION = YES;
				CLANG_WARN_OBJC_IMPLICIT_RETAIN_SELF = YES;
				CLANG_WARN_OBJC_LITERAL_CONVERSION = YES;
				CLANG_WARN_OBJC_ROOT_CLASS = YES_ERROR;
				CLANG_WARN_QUOTED_INCLUDE_IN_FRAMEWORK_HEADER = YES;
				CLANG_WARN_RANGE_LOOP_ANALYSIS = YES;
				CLANG_WARN_STRICT_PROTOTYPES = YES;
				CLANG_WARN_SUSPICIOUS_MOVE = YES;
				CLANG_WARN_UNGUARDED_AVAILABILITY = YES_AGGRESSIVE;
				CLANG_WARN_UNREACHABLE_CODE = YES;
				CLANG_WARN__DUPLICATE_METHOD_MATCH = YES;
				COPY_PHASE_STRIP = NO;
				DEBUG_INFORMATION_FORMAT = "dwarf-with-dsym";
				ENABLE_NS_ASSERTIONS = NO;
				ENABLE_STRICT_OBJC_MSGSEND = YES;
				ENABLE_USER_SCRIPT_SANDBOXING = YES;
				GCC_C_LANGUAGE_STANDARD = gnu17;
				GCC_NO_COMMON_BLOCKS = YES;
				GCC_WARN_64_TO_32_BIT_CONVERSION = YES;
				GCC_WARN_ABOUT_RETURN_TYPE = YES_ERROR;
				GCC_WARN_UNDECLARED_SELECTOR = YES;
				GCC_WARN_UNINITIALIZED_AUTOS = YES_AGGRESSIVE;
				GCC_WARN_UNUSED_FUNCTION = YES;
				GCC_WARN_UNUSED_VARIABLE = YES;
				IPHONEOS_DEPLOYMENT_TARGET = 17.4;
				LOCALIZATION_PREFERS_STRING_CATALOGS = YES;
				MTL_ENABLE_DEBUG_INFO = NO;
				MTL_FAST_MATH = YES;
				SDKROOT = iphoneos;
				SWIFT_COMPILATION_MODE = wholemodule;
				VALIDATE_PRODUCT = YES;
			};
			name = Release;
		};
		58BF66422BCBEE4F00C0FEDA /* Debug */ = {
			isa = XCBuildConfiguration;
			buildSettings = {
				ASSETCATALOG_COMPILER_APPICON_NAME = AppIcon;
				ASSETCATALOG_COMPILER_GLOBAL_ACCENT_COLOR_NAME = AccentColor;
				CODE_SIGN_STYLE = Automatic;
				CURRENT_PROJECT_VERSION = 1;
				DEVELOPMENT_ASSET_PATHS = "\"FloatingTextField/Preview Content\"";
				DEVELOPMENT_TEAM = HUJVG5UV6V;
				ENABLE_PREVIEWS = YES;
				GENERATE_INFOPLIST_FILE = YES;
				INFOPLIST_KEY_UIApplicationSceneManifest_Generation = YES;
				INFOPLIST_KEY_UIApplicationSupportsIndirectInputEvents = YES;
				INFOPLIST_KEY_UILaunchScreen_Generation = YES;
				INFOPLIST_KEY_UISupportedInterfaceOrientations_iPad = "UIInterfaceOrientationPortrait UIInterfaceOrientationPortraitUpsideDown UIInterfaceOrientationLandscapeLeft UIInterfaceOrientationLandscapeRight";
				INFOPLIST_KEY_UISupportedInterfaceOrientations_iPhone = "UIInterfaceOrientationPortrait UIInterfaceOrientationLandscapeLeft UIInterfaceOrientationLandscapeRight";
				LD_RUNPATH_SEARCH_PATHS = (
					"$(inherited)",
					"@executable_path/Frameworks",
				);
				MARKETING_VERSION = 1.0;
				PRODUCT_BUNDLE_IDENTIFIER = com.syclonefxllc.FloatingTextField;
				PRODUCT_NAME = "$(TARGET_NAME)";
				SWIFT_EMIT_LOC_STRINGS = YES;
				SWIFT_VERSION = 5.0;
				TARGETED_DEVICE_FAMILY = "1,2";
			};
			name = Debug;
		};
		58BF66432BCBEE4F00C0FEDA /* Release */ = {
			isa = XCBuildConfiguration;
			buildSettings = {
				ASSETCATALOG_COMPILER_APPICON_NAME = AppIcon;
				ASSETCATALOG_COMPILER_GLOBAL_ACCENT_COLOR_NAME = AccentColor;
				CODE_SIGN_STYLE = Automatic;
				CURRENT_PROJECT_VERSION = 1;
				DEVELOPMENT_ASSET_PATHS = "\"FloatingTextField/Preview Content\"";
				DEVELOPMENT_TEAM = HUJVG5UV6V;
				ENABLE_PREVIEWS = YES;
				GENERATE_INFOPLIST_FILE = YES;
				INFOPLIST_KEY_UIApplicationSceneManifest_Generation = YES;
				INFOPLIST_KEY_UIApplicationSupportsIndirectInputEvents = YES;
				INFOPLIST_KEY_UILaunchScreen_Generation = YES;
				INFOPLIST_KEY_UISupportedInterfaceOrientations_iPad = "UIInterfaceOrientationPortrait UIInterfaceOrientationPortraitUpsideDown UIInterfaceOrientationLandscapeLeft UIInterfaceOrientationLandscapeRight";
				INFOPLIST_KEY_UISupportedInterfaceOrientations_iPhone = "UIInterfaceOrientationPortrait UIInterfaceOrientationLandscapeLeft UIInterfaceOrientationLandscapeRight";
				LD_RUNPATH_SEARCH_PATHS = (
					"$(inherited)",
					"@executable_path/Frameworks",
				);
				MARKETING_VERSION = 1.0;
				PRODUCT_BUNDLE_IDENTIFIER = com.syclonefxllc.FloatingTextField;
				PRODUCT_NAME = "$(TARGET_NAME)";
				SWIFT_EMIT_LOC_STRINGS = YES;
				SWIFT_VERSION = 5.0;
				TARGETED_DEVICE_FAMILY = "1,2";
			};
			name = Release;
		};
/* End XCBuildConfiguration section */

/* Begin XCConfigurationList section */
		58BF662E2BCBEE4E00C0FEDA /* Build configuration list for PBXProject "FloatingTextField" */ = {
			isa = XCConfigurationList;
			buildConfigurations = (
				58BF663F2BCBEE4F00C0FEDA /* Debug */,
				58BF66402BCBEE4F00C0FEDA /* Release */,
			);
			defaultConfigurationIsVisible = 0;
			defaultConfigurationName = Release;
		};
		58BF66412BCBEE4F00C0FEDA /* Build configuration list for PBXNativeTarget "FloatingTextField" */ = {
			isa = XCConfigurationList;
			buildConfigurations = (
				58BF66422BCBEE4F00C0FEDA /* Debug */,
				58BF66432BCBEE4F00C0FEDA /* Release */,
			);
			defaultConfigurationIsVisible = 0;
			defaultConfigurationName = Release;
		};
/* End XCConfigurationList section */
	};
	rootObject = 58BF662B2BCBEE4E00C0FEDA /* Project object */;
}
