// !$*UTF8*$!
{
	archiveVersion = 1;
	classes = {
	};
	objectVersion = 56;
	objects = {

/* Begin PBXBuildFile section */
		58005F2D2C52FD7B00DC0FAE /* SocialMediaProfileApp.swift in Sources */ = {isa = PBXBuildFile; fileRef = 58005F2C2C52FD7B00DC0FAE /* SocialMediaProfileApp.swift */; };
		58005F2F2C52FD7B00DC0FAE /* ContentView.swift in Sources */ = {isa = PBXBuildFile; fileRef = 58005F2E2C52FD7B00DC0FAE /* ContentView.swift */; };
		58005F312C52FD7C00DC0FAE /* Assets.xcassets in Resources */ = {isa = PBXBuildFile; fileRef = 58005F302C52FD7C00DC0FAE /* Assets.xcassets */; };
		58005F342C52FD7C00DC0FAE /* Preview Assets.xcassets in Resources */ = {isa = PBXBuildFile; fileRef = 58005F332C52FD7C00DC0FAE /* Preview Assets.xcassets */; };
		58005F3D2C531DEC00DC0FAE /* ProfileView.swift in Sources */ = {isa = PBXBuildFile; fileRef = 58005F3C2C531DEC00DC0FAE /* ProfileView.swift */; };
		58005F3F2C53229400DC0FAE /* SocialBrandImage.swift in Sources */ = {isa = PBXBuildFile; fileRef = 58005F3E2C53229400DC0FAE /* SocialBrandImage.swift */; };
/* End PBXBuildFile section */

/* Begin PBXFileReference section */
		58005F292C52FD7B00DC0FAE /* SocialMediaProfile.app */ = {isa = PBXFileReference; explicitFileType = wrapper.application; includeInIndex = 0; path = SocialMediaProfile.app; sourceTree = BUILT_PRODUCTS_DIR; };
		58005F2C2C52FD7B00DC0FAE /* SocialMediaProfileApp.swift */ = {isa = PBXFileReference; lastKnownFileType = sourcecode.swift; path = SocialMediaProfileApp.swift; sourceTree = "<group>"; };
		58005F2E2C52FD7B00DC0FAE /* ContentView.swift */ = {isa = PBXFileReference; lastKnownFileType = sourcecode.swift; path = ContentView.swift; sourceTree = "<group>"; };
		58005F302C52FD7C00DC0FAE /* Assets.xcassets */ = {isa = PBXFileReference; lastKnownFileType = folder.assetcatalog; path = Assets.xcassets; sourceTree = "<group>"; };
		58005F332C52FD7C00DC0FAE /* Preview Assets.xcassets */ = {isa = PBXFileReference; lastKnownFileType = folder.assetcatalog; path = "Preview Assets.xcassets"; sourceTree = "<group>"; };
		58005F3C2C531DEC00DC0FAE /* ProfileView.swift */ = {isa = PBXFileReference; lastKnownFileType = sourcecode.swift; path = ProfileView.swift; sourceTree = "<group>"; };
		58005F3E2C53229400DC0FAE /* SocialBrandImage.swift */ = {isa = PBXFileReference; lastKnownFileType = sourcecode.swift; path = SocialBrandImage.swift; sourceTree = "<group>"; };
		58005F402C53310C00DC0FAE /* README.md */ = {isa = PBXFileReference; lastKnownFileType = net.daringfireball.markdown; path = README.md; sourceTree = "<group>"; };
/* End PBXFileReference section */

/* Begin PBXFrameworksBuildPhase section */
		58005F262C52FD7B00DC0FAE /* Frameworks */ = {
			isa = PBXFrameworksBuildPhase;
			buildActionMask = 2147483647;
			files = (
			);
			runOnlyForDeploymentPostprocessing = 0;
		};
/* End PBXFrameworksBuildPhase section */

/* Begin PBXGroup section */
		58005F202C52FD7B00DC0FAE = {
			isa = PBXGroup;
			children = (
				58005F402C53310C00DC0FAE /* README.md */,
				58005F2B2C52FD7B00DC0FAE /* SocialMediaProfile */,
				58005F2A2C52FD7B00DC0FAE /* Products */,
			);
			sourceTree = "<group>";
		};
		58005F2A2C52FD7B00DC0FAE /* Products */ = {
			isa = PBXGroup;
			children = (
				58005F292C52FD7B00DC0FAE /* SocialMediaProfile.app */,
			);
			name = Products;
			sourceTree = "<group>";
		};
		58005F2B2C52FD7B00DC0FAE /* SocialMediaProfile */ = {
			isa = PBXGroup;
			children = (
				58005F2C2C52FD7B00DC0FAE /* SocialMediaProfileApp.swift */,
				58005F2E2C52FD7B00DC0FAE /* ContentView.swift */,
				58005F3C2C531DEC00DC0FAE /* ProfileView.swift */,
				58005F3E2C53229400DC0FAE /* SocialBrandImage.swift */,
				58005F302C52FD7C00DC0FAE /* Assets.xcassets */,
				58005F322C52FD7C00DC0FAE /* Preview Content */,
			);
			path = SocialMediaProfile;
			sourceTree = "<group>";
		};
		58005F322C52FD7C00DC0FAE /* Preview Content */ = {
			isa = PBXGroup;
			children = (
				58005F332C52FD7C00DC0FAE /* Preview Assets.xcassets */,
			);
			path = "Preview Content";
			sourceTree = "<group>";
		};
/* End PBXGroup section */

/* Begin PBXNativeTarget section */
		58005F282C52FD7B00DC0FAE /* SocialMediaProfile */ = {
			isa = PBXNativeTarget;
			buildConfigurationList = 58005F372C52FD7C00DC0FAE /* Build configuration list for PBXNativeTarget "SocialMediaProfile" */;
			buildPhases = (
				58005F252C52FD7B00DC0FAE /* Sources */,
				58005F262C52FD7B00DC0FAE /* Frameworks */,
				58005F272C52FD7B00DC0FAE /* Resources */,
			);
			buildRules = (
			);
			dependencies = (
			);
			name = SocialMediaProfile;
			productName = SocialMediaProfile;
			productReference = 58005F292C52FD7B00DC0FAE /* SocialMediaProfile.app */;
			productType = "com.apple.product-type.application";
		};
/* End PBXNativeTarget section */

/* Begin PBXProject section */
		58005F212C52FD7B00DC0FAE /* Project object */ = {
			isa = PBXProject;
			attributes = {
				BuildIndependentTargetsInParallel = 1;
				LastSwiftUpdateCheck = 1540;
				LastUpgradeCheck = 1540;
				TargetAttributes = {
					58005F282C52FD7B00DC0FAE = {
						CreatedOnToolsVersion = 15.4;
					};
				};
			};
			buildConfigurationList = 58005F242C52FD7B00DC0FAE /* Build configuration list for PBXProject "SocialMediaProfile" */;
			compatibilityVersion = "Xcode 14.0";
			developmentRegion = en;
			hasScannedForEncodings = 0;
			knownRegions = (
				en,
				Base,
			);
			mainGroup = 58005F202C52FD7B00DC0FAE;
			productRefGroup = 58005F2A2C52FD7B00DC0FAE /* Products */;
			projectDirPath = "";
			projectRoot = "";
			targets = (
				58005F282C52FD7B00DC0FAE /* SocialMediaProfile */,
			);
		};
/* End PBXProject section */

/* Begin PBXResourcesBuildPhase section */
		58005F272C52FD7B00DC0FAE /* Resources */ = {
			isa = PBXResourcesBuildPhase;
			buildActionMask = 2147483647;
			files = (
				58005F342C52FD7C00DC0FAE /* Preview Assets.xcassets in Resources */,
				58005F312C52FD7C00DC0FAE /* Assets.xcassets in Resources */,
			);
			runOnlyForDeploymentPostprocessing = 0;
		};
/* End PBXResourcesBuildPhase section */

/* Begin PBXSourcesBuildPhase section */
		58005F252C52FD7B00DC0FAE /* Sources */ = {
			isa = PBXSourcesBuildPhase;
			buildActionMask = 2147483647;
			files = (
				58005F2F2C52FD7B00DC0FAE /* ContentView.swift in Sources */,
				58005F3D2C531DEC00DC0FAE /* ProfileView.swift in Sources */,
				58005F3F2C53229400DC0FAE /* SocialBrandImage.swift in Sources */,
				58005F2D2C52FD7B00DC0FAE /* SocialMediaProfileApp.swift in Sources */,
			);
			runOnlyForDeploymentPostprocessing = 0;
		};
/* End PBXSourcesBuildPhase section */

/* Begin XCBuildConfiguration section */
		58005F352C52FD7C00DC0FAE /* Debug */ = {
			isa = XCBuildConfiguration;
			buildSettings = {
				ALWAYS_SEARCH_USER_PATHS = NO;
				ASSETCATALOG_COMPILER_GENERATE_SWIFT_ASSET_SYMBOL_EXTENSIONS = YES;
				CLANG_ANALYZER_NONNULL = YES;
				CLANG_ANALYZER_NUMBER_OBJECT_CONVERSION = YES_AGGRESSIVE;
				CLANG_CXX_LANGUAGE_STANDARD = "gnu++20";
				CLANG_ENABLE_MODULES = YES;
				CLANG_ENABLE_OBJC_ARC = YES;
				CLANG_ENABLE_OBJC_WEAK = YES;
				CLANG_WARN_BLOCK_CAPTURE_AUTORELEASING = YES;
				CLANG_WARN_BOOL_CONVERSION = YES;
				CLANG_WARN_COMMA = YES;
				CLANG_WARN_CONSTANT_CONVERSION = YES;
				CLANG_WARN_DEPRECATED_OBJC_IMPLEMENTATIONS = YES;
				CLANG_WARN_DIRECT_OBJC_ISA_USAGE = YES_ERROR;
				CLANG_WARN_DOCUMENTATION_COMMENTS = YES;
				CLANG_WARN_EMPTY_BODY = YES;
				CLANG_WARN_ENUM_CONVERSION = YES;
				CLANG_WARN_INFINITE_RECURSION = YES;
				CLANG_WARN_INT_CONVERSION = YES;
				CLANG_WARN_NON_LITERAL_NULL_CONVERSION = YES;
				CLANG_WARN_OBJC_IMPLICIT_RETAIN_SELF = YES;
				CLANG_WARN_OBJC_LITERAL_CONVERSION = YES;
				CLANG_WARN_OBJC_ROOT_CLASS = YES_ERROR;
				CLANG_WARN_QUOTED_INCLUDE_IN_FRAMEWORK_HEADER = YES;
				CLANG_WARN_RANGE_LOOP_ANALYSIS = YES;
				CLANG_WARN_STRICT_PROTOTYPES = YES;
				CLANG_WARN_SUSPICIOUS_MOVE = YES;
				CLANG_WARN_UNGUARDED_AVAILABILITY = YES_AGGRESSIVE;
				CLANG_WARN_UNREACHABLE_CODE = YES;
				CLANG_WARN__DUPLICATE_METHOD_MATCH = YES;
				COPY_PHASE_STRIP = NO;
				DEBUG_INFORMATION_FORMAT = dwarf;
				ENABLE_STRICT_OBJC_MSGSEND = YES;
				ENABLE_TESTABILITY = YES;
				ENABLE_USER_SCRIPT_SANDBOXING = YES;
				GCC_C_LANGUAGE_STANDARD = gnu17;
				GCC_DYNAMIC_NO_PIC = NO;
				GCC_NO_COMMON_BLOCKS = YES;
				GCC_OPTIMIZATION_LEVEL = 0;
				GCC_PREPROCESSOR_DEFINITIONS = (
					"DEBUG=1",
					"$(inherited)",
				);
				GCC_WARN_64_TO_32_BIT_CONVERSION = YES;
				GCC_WARN_ABOUT_RETURN_TYPE = YES_ERROR;
				GCC_WARN_UNDECLARED_SELECTOR = YES;
				GCC_WARN_UNINITIALIZED_AUTOS = YES_AGGRESSIVE;
				GCC_WARN_UNUSED_FUNCTION = YES;
				GCC_WARN_UNUSED_VARIABLE = YES;
				IPHONEOS_DEPLOYMENT_TARGET = 17.5;
				LOCALIZATION_PREFERS_STRING_CATALOGS = YES;
				MTL_ENABLE_DEBUG_INFO = INCLUDE_SOURCE;
				MTL_FAST_MATH = YES;
				ONLY_ACTIVE_ARCH = YES;
				SDKROOT = iphoneos;
				SWIFT_ACTIVE_COMPILATION_CONDITIONS = "DEBUG $(inherited)";
				SWIFT_OPTIMIZATION_LEVEL = "-Onone";
			};
			name = Debug;
		};
		58005F362C52FD7C00DC0FAE /* Release */ = {
			isa = XCBuildConfiguration;
			buildSettings = {
				ALWAYS_SEARCH_USER_PATHS = NO;
				ASSETCATALOG_COMPILER_GENERATE_SWIFT_ASSET_SYMBOL_EXTENSIONS = YES;
				CLANG_ANALYZER_NONNULL = YES;
				CLANG_ANALYZER_NUMBER_OBJECT_CONVERSION = YES_AGGRESSIVE;
				CLANG_CXX_LANGUAGE_STANDARD = "gnu++20";
				CLANG_ENABLE_MODULES = YES;
				CLANG_ENABLE_OBJC_ARC = YES;
				CLANG_ENABLE_OBJC_WEAK = YES;
				CLANG_WARN_BLOCK_CAPTURE_AUTORELEASING = YES;
				CLANG_WARN_BOOL_CONVERSION = YES;
				CLANG_WARN_COMMA = YES;
				CLANG_WARN_CONSTANT_CONVERSION = YES;
				CLANG_WARN_DEPRECATED_OBJC_IMPLEMENTATIONS = YES;
				CLANG_WARN_DIRECT_OBJC_ISA_USAGE = YES_ERROR;
				CLANG_WARN_DOCUMENTATION_COMMENTS = YES;
				CLANG_WARN_EMPTY_BODY = YES;
				CLANG_WARN_ENUM_CONVERSION = YES;
				CLANG_WARN_INFINITE_RECURSION = YES;
				CLANG_WARN_INT_CONVERSION = YES;
				CLANG_WARN_NON_LITERAL_NULL_CONVERSION = YES;
				CLANG_WARN_OBJC_IMPLICIT_RETAIN_SELF = YES;
				CLANG_WARN_OBJC_LITERAL_CONVERSION = YES;
				CLANG_WARN_OBJC_ROOT_CLASS = YES_ERROR;
				CLANG_WARN_QUOTED_INCLUDE_IN_FRAMEWORK_HEADER = YES;
				CLANG_WARN_RANGE_LOOP_ANALYSIS = YES;
				CLANG_WARN_STRICT_PROTOTYPES = YES;
				CLANG_WARN_SUSPICIOUS_MOVE = YES;
				CLANG_WARN_UNGUARDED_AVAILABILITY = YES_AGGRESSIVE;
				CLANG_WARN_UNREACHABLE_CODE = YES;
				CLANG_WARN__DUPLICATE_METHOD_MATCH = YES;
				COPY_PHASE_STRIP = NO;
				DEBUG_INFORMATION_FORMAT = "dwarf-with-dsym";
				ENABLE_NS_ASSERTIONS = NO;
				ENABLE_STRICT_OBJC_MSGSEND = YES;
				ENABLE_USER_SCRIPT_SANDBOXING = YES;
				GCC_C_LANGUAGE_STANDARD = gnu17;
				GCC_NO_COMMON_BLOCKS = YES;
				GCC_WARN_64_TO_32_BIT_CONVERSION = YES;
				GCC_WARN_ABOUT_RETURN_TYPE = YES_ERROR;
				GCC_WARN_UNDECLARED_SELECTOR = YES;
				GCC_WARN_UNINITIALIZED_AUTOS = YES_AGGRESSIVE;
				GCC_WARN_UNUSED_FUNCTION = YES;
				GCC_WARN_UNUSED_VARIABLE = YES;
				IPHONEOS_DEPLOYMENT_TARGET = 17.5;
				LOCALIZATION_PREFERS_STRING_CATALOGS = YES;
				MTL_ENABLE_DEBUG_INFO = NO;
				MTL_FAST_MATH = YES;
				SDKROOT = iphoneos;
				SWIFT_COMPILATION_MODE = wholemodule;
				VALIDATE_PRODUCT = YES;
			};
			name = Release;
		};
		58005F382C52FD7C00DC0FAE /* Debug */ = {
			isa = XCBuildConfiguration;
			buildSettings = {
				ASSETCATALOG_COMPILER_APPICON_NAME = AppIcon;
				ASSETCATALOG_COMPILER_GLOBAL_ACCENT_COLOR_NAME = AccentColor;
				CODE_SIGN_STYLE = Automatic;
				CURRENT_PROJECT_VERSION = 1;
				DEVELOPMENT_ASSET_PATHS = "\"SocialMediaProfile/Preview Content\"";
				DEVELOPMENT_TEAM = HUJVG5UV6V;
				ENABLE_PREVIEWS = YES;
				GENERATE_INFOPLIST_FILE = YES;
				INFOPLIST_KEY_UIApplicationSceneManifest_Generation = YES;
				INFOPLIST_KEY_UIApplicationSupportsIndirectInputEvents = YES;
				INFOPLIST_KEY_UILaunchScreen_Generation = YES;
				INFOPLIST_KEY_UISupportedInterfaceOrientations_iPad = "UIInterfaceOrientationPortrait UIInterfaceOrientationPortraitUpsideDown UIInterfaceOrientationLandscapeLeft UIInterfaceOrientationLandscapeRight";
				INFOPLIST_KEY_UISupportedInterfaceOrientations_iPhone = "UIInterfaceOrientationPortrait UIInterfaceOrientationLandscapeLeft UIInterfaceOrientationLandscapeRight";
				LD_RUNPATH_SEARCH_PATHS = (
					"$(inherited)",
					"@executable_path/Frameworks",
				);
				MARKETING_VERSION = 1.0;
				PRODUCT_BUNDLE_IDENTIFIER = com.syclonefxllc.SocialMediaProfile;
				PRODUCT_NAME = "$(TARGET_NAME)";
				SWIFT_EMIT_LOC_STRINGS = YES;
				SWIFT_VERSION = 5.0;
				TARGETED_DEVICE_FAMILY = "1,2";
			};
			name = Debug;
		};
		58005F392C52FD7C00DC0FAE /* Release */ = {
			isa = XCBuildConfiguration;
			buildSettings = {
				ASSETCATALOG_COMPILER_APPICON_NAME = AppIcon;
				ASSETCATALOG_COMPILER_GLOBAL_ACCENT_COLOR_NAME = AccentColor;
				CODE_SIGN_STYLE = Automatic;
				CURRENT_PROJECT_VERSION = 1;
				DEVELOPMENT_ASSET_PATHS = "\"SocialMediaProfile/Preview Content\"";
				DEVELOPMENT_TEAM = HUJVG5UV6V;
				ENABLE_PREVIEWS = YES;
				GENERATE_INFOPLIST_FILE = YES;
				INFOPLIST_KEY_UIApplicationSceneManifest_Generation = YES;
				INFOPLIST_KEY_UIApplicationSupportsIndirectInputEvents = YES;
				INFOPLIST_KEY_UILaunchScreen_Generation = YES;
				INFOPLIST_KEY_UISupportedInterfaceOrientations_iPad = "UIInterfaceOrientationPortrait UIInterfaceOrientationPortraitUpsideDown UIInterfaceOrientationLandscapeLeft UIInterfaceOrientationLandscapeRight";
				INFOPLIST_KEY_UISupportedInterfaceOrientations_iPhone = "UIInterfaceOrientationPortrait UIInterfaceOrientationLandscapeLeft UIInterfaceOrientationLandscapeRight";
				LD_RUNPATH_SEARCH_PATHS = (
					"$(inherited)",
					"@executable_path/Frameworks",
				);
				MARKETING_VERSION = 1.0;
				PRODUCT_BUNDLE_IDENTIFIER = com.syclonefxllc.SocialMediaProfile;
				PRODUCT_NAME = "$(TARGET_NAME)";
				SWIFT_EMIT_LOC_STRINGS = YES;
				SWIFT_VERSION = 5.0;
				TARGETED_DEVICE_FAMILY = "1,2";
			};
			name = Release;
		};
/* End XCBuildConfiguration section */

/* Begin XCConfigurationList section */
		58005F242C52FD7B00DC0FAE /* Build configuration list for PBXProject "SocialMediaProfile" */ = {
			isa = XCConfigurationList;
			buildConfigurations = (
				58005F352C52FD7C00DC0FAE /* Debug */,
				58005F362C52FD7C00DC0FAE /* Release */,
			);
			defaultConfigurationIsVisible = 0;
			defaultConfigurationName = Release;
		};
		58005F372C52FD7C00DC0FAE /* Build configuration list for PBXNativeTarget "SocialMediaProfile" */ = {
			isa = XCConfigurationList;
			buildConfigurations = (
				58005F382C52FD7C00DC0FAE /* Debug */,
				58005F392C52FD7C00DC0FAE /* Release */,
			);
			defaultConfigurationIsVisible = 0;
			defaultConfigurationName = Release;
		};
/* End XCConfigurationList section */
	};
	rootObject = 58005F212C52FD7B00DC0FAE /* Project object */;
}
