// !$*UTF8*$!
{
	archiveVersion = 1;
	classes = {
	};
	objectVersion = 56;
	objects = {

/* Begin PBXBuildFile section */
		58928DB72C6192B500F9F07E /* MonthlyHeatMapApp.swift in Sources */ = {isa = PBXBuildFile; fileRef = 58928DB62C6192B500F9F07E /* MonthlyHeatMapApp.swift */; };
		58928DB92C6192B500F9F07E /* ContentView.swift in Sources */ = {isa = PBXBuildFile; fileRef = 58928DB82C6192B500F9F07E /* ContentView.swift */; };
		58928DBB2C6192B600F9F07E /* Assets.xcassets in Resources */ = {isa = PBXBuildFile; fileRef = 58928DBA2C6192B600F9F07E /* Assets.xcassets */; };
		58928DBE2C6192B600F9F07E /* Preview Assets.xcassets in Resources */ = {isa = PBXBuildFile; fileRef = 58928DBD2C6192B600F9F07E /* Preview Assets.xcassets */; };
		58928DC52C61930E00F9F07E /* HeatMapView.swift in Sources */ = {isa = PBXBuildFile; fileRef = 58928DC42C61930E00F9F07E /* HeatMapView.swift */; };
		58928DC72C61931800F9F07E /* HeatMapItem.swift in Sources */ = {isa = PBXBuildFile; fileRef = 58928DC62C61931800F9F07E /* HeatMapItem.swift */; };
		58928DC92C61933900F9F07E /* Date+Ext.swift in Sources */ = {isa = PBXBuildFile; fileRef = 58928DC82C61933900F9F07E /* Date+Ext.swift */; };
		58928DCB2C61944100F9F07E /* HeatMapItemView.swift in Sources */ = {isa = PBXBuildFile; fileRef = 58928DCA2C61944100F9F07E /* HeatMapItemView.swift */; };
/* End PBXBuildFile section */

/* Begin PBXFileReference section */
		58928DB32C6192B500F9F07E /* MonthlyHeatMap.app */ = {isa = PBXFileReference; explicitFileType = wrapper.application; includeInIndex = 0; path = MonthlyHeatMap.app; sourceTree = BUILT_PRODUCTS_DIR; };
		58928DB62C6192B500F9F07E /* MonthlyHeatMapApp.swift */ = {isa = PBXFileReference; lastKnownFileType = sourcecode.swift; path = MonthlyHeatMapApp.swift; sourceTree = "<group>"; };
		58928DB82C6192B500F9F07E /* ContentView.swift */ = {isa = PBXFileReference; lastKnownFileType = sourcecode.swift; path = ContentView.swift; sourceTree = "<group>"; };
		58928DBA2C6192B600F9F07E /* Assets.xcassets */ = {isa = PBXFileReference; lastKnownFileType = folder.assetcatalog; path = Assets.xcassets; sourceTree = "<group>"; };
		58928DBD2C6192B600F9F07E /* Preview Assets.xcassets */ = {isa = PBXFileReference; lastKnownFileType = folder.assetcatalog; path = "Preview Assets.xcassets"; sourceTree = "<group>"; };
		58928DC42C61930E00F9F07E /* HeatMapView.swift */ = {isa = PBXFileReference; lastKnownFileType = sourcecode.swift; path = HeatMapView.swift; sourceTree = "<group>"; };
		58928DC62C61931800F9F07E /* HeatMapItem.swift */ = {isa = PBXFileReference; lastKnownFileType = sourcecode.swift; path = HeatMapItem.swift; sourceTree = "<group>"; };
		58928DC82C61933900F9F07E /* Date+Ext.swift */ = {isa = PBXFileReference; lastKnownFileType = sourcecode.swift; path = "Date+Ext.swift"; sourceTree = "<group>"; };
		58928DCA2C61944100F9F07E /* HeatMapItemView.swift */ = {isa = PBXFileReference; lastKnownFileType = sourcecode.swift; path = HeatMapItemView.swift; sourceTree = "<group>"; };
/* End PBXFileReference section */

/* Begin PBXFrameworksBuildPhase section */
		58928DB02C6192B500F9F07E /* Frameworks */ = {
			isa = PBXFrameworksBuildPhase;
			buildActionMask = 2147483647;
			files = (
			);
			runOnlyForDeploymentPostprocessing = 0;
		};
/* End PBXFrameworksBuildPhase section */

/* Begin PBXGroup section */
		58928DAA2C6192B500F9F07E = {
			isa = PBXGroup;
			children = (
				58928DB52C6192B500F9F07E /* MonthlyHeatMap */,
				58928DB42C6192B500F9F07E /* Products */,
			);
			sourceTree = "<group>";
		};
		58928DB42C6192B500F9F07E /* Products */ = {
			isa = PBXGroup;
			children = (
				58928DB32C6192B500F9F07E /* MonthlyHeatMap.app */,
			);
			name = Products;
			sourceTree = "<group>";
		};
		58928DB52C6192B500F9F07E /* MonthlyHeatMap */ = {
			isa = PBXGroup;
			children = (
				58928DB62C6192B500F9F07E /* MonthlyHeatMapApp.swift */,
				58928DB82C6192B500F9F07E /* ContentView.swift */,
				58928DC42C61930E00F9F07E /* HeatMapView.swift */,
				58928DCA2C61944100F9F07E /* HeatMapItemView.swift */,
				58928DC62C61931800F9F07E /* HeatMapItem.swift */,
				58928DC82C61933900F9F07E /* Date+Ext.swift */,
				58928DBA2C6192B600F9F07E /* Assets.xcassets */,
				58928DBC2C6192B600F9F07E /* Preview Content */,
			);
			path = MonthlyHeatMap;
			sourceTree = "<group>";
		};
		58928DBC2C6192B600F9F07E /* Preview Content */ = {
			isa = PBXGroup;
			children = (
				58928DBD2C6192B600F9F07E /* Preview Assets.xcassets */,
			);
			path = "Preview Content";
			sourceTree = "<group>";
		};
/* End PBXGroup section */

/* Begin PBXNativeTarget section */
		58928DB22C6192B500F9F07E /* MonthlyHeatMap */ = {
			isa = PBXNativeTarget;
			buildConfigurationList = 58928DC12C6192B600F9F07E /* Build configuration list for PBXNativeTarget "MonthlyHeatMap" */;
			buildPhases = (
				58928DAF2C6192B500F9F07E /* Sources */,
				58928DB02C6192B500F9F07E /* Frameworks */,
				58928DB12C6192B500F9F07E /* Resources */,
			);
			buildRules = (
			);
			dependencies = (
			);
			name = MonthlyHeatMap;
			productName = MonthlyHeatMap;
			productReference = 58928DB32C6192B500F9F07E /* MonthlyHeatMap.app */;
			productType = "com.apple.product-type.application";
		};
/* End PBXNativeTarget section */

/* Begin PBXProject section */
		58928DAB2C6192B500F9F07E /* Project object */ = {
			isa = PBXProject;
			attributes = {
				BuildIndependentTargetsInParallel = 1;
				LastSwiftUpdateCheck = 1540;
				LastUpgradeCheck = 1540;
				TargetAttributes = {
					58928DB22C6192B500F9F07E = {
						CreatedOnToolsVersion = 15.4;
					};
				};
			};
			buildConfigurationList = 58928DAE2C6192B500F9F07E /* Build configuration list for PBXProject "MonthlyHeatMap" */;
			compatibilityVersion = "Xcode 14.0";
			developmentRegion = en;
			hasScannedForEncodings = 0;
			knownRegions = (
				en,
				Base,
			);
			mainGroup = 58928DAA2C6192B500F9F07E;
			productRefGroup = 58928DB42C6192B500F9F07E /* Products */;
			projectDirPath = "";
			projectRoot = "";
			targets = (
				58928DB22C6192B500F9F07E /* MonthlyHeatMap */,
			);
		};
/* End PBXProject section */

/* Begin PBXResourcesBuildPhase section */
		58928DB12C6192B500F9F07E /* Resources */ = {
			isa = PBXResourcesBuildPhase;
			buildActionMask = 2147483647;
			files = (
				58928DBE2C6192B600F9F07E /* Preview Assets.xcassets in Resources */,
				58928DBB2C6192B600F9F07E /* Assets.xcassets in Resources */,
			);
			runOnlyForDeploymentPostprocessing = 0;
		};
/* End PBXResourcesBuildPhase section */

/* Begin PBXSourcesBuildPhase section */
		58928DAF2C6192B500F9F07E /* Sources */ = {
			isa = PBXSourcesBuildPhase;
			buildActionMask = 2147483647;
			files = (
				58928DCB2C61944100F9F07E /* HeatMapItemView.swift in Sources */,
				58928DC52C61930E00F9F07E /* HeatMapView.swift in Sources */,
				58928DB92C6192B500F9F07E /* ContentView.swift in Sources */,
				58928DB72C6192B500F9F07E /* MonthlyHeatMapApp.swift in Sources */,
				58928DC72C61931800F9F07E /* HeatMapItem.swift in Sources */,
				58928DC92C61933900F9F07E /* Date+Ext.swift in Sources */,
			);
			runOnlyForDeploymentPostprocessing = 0;
		};
/* End PBXSourcesBuildPhase section */

/* Begin XCBuildConfiguration section */
		58928DBF2C6192B600F9F07E /* Debug */ = {
			isa = XCBuildConfiguration;
			buildSettings = {
				ALWAYS_SEARCH_USER_PATHS = NO;
				ASSETCATALOG_COMPILER_GENERATE_SWIFT_ASSET_SYMBOL_EXTENSIONS = YES;
				CLANG_ANALYZER_NONNULL = YES;
				CLANG_ANALYZER_NUMBER_OBJECT_CONVERSION = YES_AGGRESSIVE;
				CLANG_CXX_LANGUAGE_STANDARD = "gnu++20";
				CLANG_ENABLE_MODULES = YES;
				CLANG_ENABLE_OBJC_ARC = YES;
				CLANG_ENABLE_OBJC_WEAK = YES;
				CLANG_WARN_BLOCK_CAPTURE_AUTORELEASING = YES;
				CLANG_WARN_BOOL_CONVERSION = YES;
				CLANG_WARN_COMMA = YES;
				CLANG_WARN_CONSTANT_CONVERSION = YES;
				CLANG_WARN_DEPRECATED_OBJC_IMPLEMENTATIONS = YES;
				CLANG_WARN_DIRECT_OBJC_ISA_USAGE = YES_ERROR;
				CLANG_WARN_DOCUMENTATION_COMMENTS = YES;
				CLANG_WARN_EMPTY_BODY = YES;
				CLANG_WARN_ENUM_CONVERSION = YES;
				CLANG_WARN_INFINITE_RECURSION = YES;
				CLANG_WARN_INT_CONVERSION = YES;
				CLANG_WARN_NON_LITERAL_NULL_CONVERSION = YES;
				CLANG_WARN_OBJC_IMPLICIT_RETAIN_SELF = YES;
				CLANG_WARN_OBJC_LITERAL_CONVERSION = YES;
				CLANG_WARN_OBJC_ROOT_CLASS = YES_ERROR;
				CLANG_WARN_QUOTED_INCLUDE_IN_FRAMEWORK_HEADER = YES;
				CLANG_WARN_RANGE_LOOP_ANALYSIS = YES;
				CLANG_WARN_STRICT_PROTOTYPES = YES;
				CLANG_WARN_SUSPICIOUS_MOVE = YES;
				CLANG_WARN_UNGUARDED_AVAILABILITY = YES_AGGRESSIVE;
				CLANG_WARN_UNREACHABLE_CODE = YES;
				CLANG_WARN__DUPLICATE_METHOD_MATCH = YES;
				COPY_PHASE_STRIP = NO;
				DEBUG_INFORMATION_FORMAT = dwarf;
				ENABLE_STRICT_OBJC_MSGSEND = YES;
				ENABLE_TESTABILITY = YES;
				ENABLE_USER_SCRIPT_SANDBOXING = YES;
				GCC_C_LANGUAGE_STANDARD = gnu17;
				GCC_DYNAMIC_NO_PIC = NO;
				GCC_NO_COMMON_BLOCKS = YES;
				GCC_OPTIMIZATION_LEVEL = 0;
				GCC_PREPROCESSOR_DEFINITIONS = (
					"DEBUG=1",
					"$(inherited)",
				);
				GCC_WARN_64_TO_32_BIT_CONVERSION = YES;
				GCC_WARN_ABOUT_RETURN_TYPE = YES_ERROR;
				GCC_WARN_UNDECLARED_SELECTOR = YES;
				GCC_WARN_UNINITIALIZED_AUTOS = YES_AGGRESSIVE;
				GCC_WARN_UNUSED_FUNCTION = YES;
				GCC_WARN_UNUSED_VARIABLE = YES;
				IPHONEOS_DEPLOYMENT_TARGET = 17.5;
				LOCALIZATION_PREFERS_STRING_CATALOGS = YES;
				MTL_ENABLE_DEBUG_INFO = INCLUDE_SOURCE;
				MTL_FAST_MATH = YES;
				ONLY_ACTIVE_ARCH = YES;
				SDKROOT = iphoneos;
				SWIFT_ACTIVE_COMPILATION_CONDITIONS = "DEBUG $(inherited)";
				SWIFT_OPTIMIZATION_LEVEL = "-Onone";
			};
			name = Debug;
		};
		58928DC02C6192B600F9F07E /* Release */ = {
			isa = XCBuildConfiguration;
			buildSettings = {
				ALWAYS_SEARCH_USER_PATHS = NO;
				ASSETCATALOG_COMPILER_GENERATE_SWIFT_ASSET_SYMBOL_EXTENSIONS = YES;
				CLANG_ANALYZER_NONNULL = YES;
				CLANG_ANALYZER_NUMBER_OBJECT_CONVERSION = YES_AGGRESSIVE;
				CLANG_CXX_LANGUAGE_STANDARD = "gnu++20";
				CLANG_ENABLE_MODULES = YES;
				CLANG_ENABLE_OBJC_ARC = YES;
				CLANG_ENABLE_OBJC_WEAK = YES;
				CLANG_WARN_BLOCK_CAPTURE_AUTORELEASING = YES;
				CLANG_WARN_BOOL_CONVERSION = YES;
				CLANG_WARN_COMMA = YES;
				CLANG_WARN_CONSTANT_CONVERSION = YES;
				CLANG_WARN_DEPRECATED_OBJC_IMPLEMENTATIONS = YES;
				CLANG_WARN_DIRECT_OBJC_ISA_USAGE = YES_ERROR;
				CLANG_WARN_DOCUMENTATION_COMMENTS = YES;
				CLANG_WARN_EMPTY_BODY = YES;
				CLANG_WARN_ENUM_CONVERSION = YES;
				CLANG_WARN_INFINITE_RECURSION = YES;
				CLANG_WARN_INT_CONVERSION = YES;
				CLANG_WARN_NON_LITERAL_NULL_CONVERSION = YES;
				CLANG_WARN_OBJC_IMPLICIT_RETAIN_SELF = YES;
				CLANG_WARN_OBJC_LITERAL_CONVERSION = YES;
				CLANG_WARN_OBJC_ROOT_CLASS = YES_ERROR;
				CLANG_WARN_QUOTED_INCLUDE_IN_FRAMEWORK_HEADER = YES;
				CLANG_WARN_RANGE_LOOP_ANALYSIS = YES;
				CLANG_WARN_STRICT_PROTOTYPES = YES;
				CLANG_WARN_SUSPICIOUS_MOVE = YES;
				CLANG_WARN_UNGUARDED_AVAILABILITY = YES_AGGRESSIVE;
				CLANG_WARN_UNREACHABLE_CODE = YES;
				CLANG_WARN__DUPLICATE_METHOD_MATCH = YES;
				COPY_PHASE_STRIP = NO;
				DEBUG_INFORMATION_FORMAT = "dwarf-with-dsym";
				ENABLE_NS_ASSERTIONS = NO;
				ENABLE_STRICT_OBJC_MSGSEND = YES;
				ENABLE_USER_SCRIPT_SANDBOXING = YES;
				GCC_C_LANGUAGE_STANDARD = gnu17;
				GCC_NO_COMMON_BLOCKS = YES;
				GCC_WARN_64_TO_32_BIT_CONVERSION = YES;
				GCC_WARN_ABOUT_RETURN_TYPE = YES_ERROR;
				GCC_WARN_UNDECLARED_SELECTOR = YES;
				GCC_WARN_UNINITIALIZED_AUTOS = YES_AGGRESSIVE;
				GCC_WARN_UNUSED_FUNCTION = YES;
				GCC_WARN_UNUSED_VARIABLE = YES;
				IPHONEOS_DEPLOYMENT_TARGET = 17.5;
				LOCALIZATION_PREFERS_STRING_CATALOGS = YES;
				MTL_ENABLE_DEBUG_INFO = NO;
				MTL_FAST_MATH = YES;
				SDKROOT = iphoneos;
				SWIFT_COMPILATION_MODE = wholemodule;
				VALIDATE_PRODUCT = YES;
			};
			name = Release;
		};
		58928DC22C6192B600F9F07E /* Debug */ = {
			isa = XCBuildConfiguration;
			buildSettings = {
				ASSETCATALOG_COMPILER_APPICON_NAME = AppIcon;
				ASSETCATALOG_COMPILER_GLOBAL_ACCENT_COLOR_NAME = AccentColor;
				CODE_SIGN_STYLE = Automatic;
				CURRENT_PROJECT_VERSION = 1;
				DEVELOPMENT_ASSET_PATHS = "\"MonthlyHeatMap/Preview Content\"";
				DEVELOPMENT_TEAM = HUJVG5UV6V;
				ENABLE_PREVIEWS = YES;
				GENERATE_INFOPLIST_FILE = YES;
				INFOPLIST_KEY_UIApplicationSceneManifest_Generation = YES;
				INFOPLIST_KEY_UIApplicationSupportsIndirectInputEvents = YES;
				INFOPLIST_KEY_UILaunchScreen_Generation = YES;
				INFOPLIST_KEY_UISupportedInterfaceOrientations_iPad = "UIInterfaceOrientationPortrait UIInterfaceOrientationPortraitUpsideDown UIInterfaceOrientationLandscapeLeft UIInterfaceOrientationLandscapeRight";
				INFOPLIST_KEY_UISupportedInterfaceOrientations_iPhone = "UIInterfaceOrientationPortrait UIInterfaceOrientationLandscapeLeft UIInterfaceOrientationLandscapeRight";
				LD_RUNPATH_SEARCH_PATHS = (
					"$(inherited)",
					"@executable_path/Frameworks",
				);
				MARKETING_VERSION = 1.0;
				PRODUCT_BUNDLE_IDENTIFIER = com.syclonefxllc.MonthlyHeatMap;
				PRODUCT_NAME = "$(TARGET_NAME)";
				SWIFT_EMIT_LOC_STRINGS = YES;
				SWIFT_VERSION = 5.0;
				TARGETED_DEVICE_FAMILY = "1,2";
			};
			name = Debug;
		};
		58928DC32C6192B600F9F07E /* Release */ = {
			isa = XCBuildConfiguration;
			buildSettings = {
				ASSETCATALOG_COMPILER_APPICON_NAME = AppIcon;
				ASSETCATALOG_COMPILER_GLOBAL_ACCENT_COLOR_NAME = AccentColor;
				CODE_SIGN_STYLE = Automatic;
				CURRENT_PROJECT_VERSION = 1;
				DEVELOPMENT_ASSET_PATHS = "\"MonthlyHeatMap/Preview Content\"";
				DEVELOPMENT_TEAM = HUJVG5UV6V;
				ENABLE_PREVIEWS = YES;
				GENERATE_INFOPLIST_FILE = YES;
				INFOPLIST_KEY_UIApplicationSceneManifest_Generation = YES;
				INFOPLIST_KEY_UIApplicationSupportsIndirectInputEvents = YES;
				INFOPLIST_KEY_UILaunchScreen_Generation = YES;
				INFOPLIST_KEY_UISupportedInterfaceOrientations_iPad = "UIInterfaceOrientationPortrait UIInterfaceOrientationPortraitUpsideDown UIInterfaceOrientationLandscapeLeft UIInterfaceOrientationLandscapeRight";
				INFOPLIST_KEY_UISupportedInterfaceOrientations_iPhone = "UIInterfaceOrientationPortrait UIInterfaceOrientationLandscapeLeft UIInterfaceOrientationLandscapeRight";
				LD_RUNPATH_SEARCH_PATHS = (
					"$(inherited)",
					"@executable_path/Frameworks",
				);
				MARKETING_VERSION = 1.0;
				PRODUCT_BUNDLE_IDENTIFIER = com.syclonefxllc.MonthlyHeatMap;
				PRODUCT_NAME = "$(TARGET_NAME)";
				SWIFT_EMIT_LOC_STRINGS = YES;
				SWIFT_VERSION = 5.0;
				TARGETED_DEVICE_FAMILY = "1,2";
			};
			name = Release;
		};
/* End XCBuildConfiguration section */

/* Begin XCConfigurationList section */
		58928DAE2C6192B500F9F07E /* Build configuration list for PBXProject "MonthlyHeatMap" */ = {
			isa = XCConfigurationList;
			buildConfigurations = (
				58928DBF2C6192B600F9F07E /* Debug */,
				58928DC02C6192B600F9F07E /* Release */,
			);
			defaultConfigurationIsVisible = 0;
			defaultConfigurationName = Release;
		};
		58928DC12C6192B600F9F07E /* Build configuration list for PBXNativeTarget "MonthlyHeatMap" */ = {
			isa = XCConfigurationList;
			buildConfigurations = (
				58928DC22C6192B600F9F07E /* Debug */,
				58928DC32C6192B600F9F07E /* Release */,
			);
			defaultConfigurationIsVisible = 0;
			defaultConfigurationName = Release;
		};
/* End XCConfigurationList section */
	};
	rootObject = 58928DAB2C6192B500F9F07E /* Project object */;
}
